lockfileVersion: '9.0'

settings:
  autoInstallPeers: true
  excludeLinksFromLockfile: false

importers:

  .:
    devDependencies:
      turbo:
        specifier: ^2.3.0
        version: 2.11.3
      typescript:
        specifier: ^5.7.0
        version: 5.9.3

  apps/web:
    devDependencies:
      '@types/node':
        specifier: ^22.10.0
        version: 22.20.4
      typescript:
        specifier: ^5.7.0
        version: 5.9.3

  packages/shared-types:
    devDependencies:
      '@types/node':
        specifier: ^22.10.0
        version: 22.20.4
      typescript:
        specifier: ^5.7.0
        version: 5.9.3

  services/api-gateway:
    devDependencies:
      '@types/node':
        specifier: ^22.10.0
        version: 22.20.4
      typescript:
        specifier: ^5.7.0
        version: 5.9.3

  services/booking-service:
    devDependencies:
      '@types/node':
        specifier: ^22.10.0
        version: 22.20.4
      typescript:
        specifier: ^5.7.0
        version: 5.9.3

  services/notification-service:
    devDependencies:
      '@types/node':
        specifier: ^22.10.0
        version: 22.20.4
      typescript:
        specifier: ^5.7.0
        version: 5.9.3

  services/payment-service:
    devDependencies:
      '@types/node':
        specifier: ^22.10.0
        version: 22.20.4
      typescript:
        specifier: ^5.7.0
        version: 5.9.3

packages:

  '@turbo/darwin-64@2.11.3':
    resolution: {integrity: sha512-D4EIKTgPpxFQL5aZNbNqy57XOiRldM+mwP1ME9ZLM4DJoV3oNK7GKyQWVusz1umjiFNmLvunNGw7Jq4RUyYL3A==}
    cpu: [x64]
    os: [darwin]

  '@turbo/darwin-arm64@2.11.3':
    resolution: {integrity: sha512-WOvgWIO86LzBQmL9aRFekROing1CZMVDjmdD7Dk6R65qFAFdrlKkufojenjW1AbUAqytpG6xsXzq8UEScdSdDQ==}
    cpu: [arm64]
    os: [darwin]

  '@turbo/linux-64@2.11.3':
    resolution: {integrity: sha512-zIgNl9KkMnsdU54JrnazELatpMJDSktKjD3kjKVliUNMl/5uhFRrqQ+Z1qaACKw/2ybL7xzlsHir9s5q7sYlQg==}
    cpu: [x64]
    os: [android, linux]

  '@turbo/linux-arm64@2.11.3':
    resolution: {integrity: sha512-aJToWHx5JYvpPwIrAt1DuYrHWcpQGjGf0XVPRMKQBHou//JUYR6oowHeUZp9Oq7e3XDWA75E37C2GnNaBqCVnA==}
    cpu: [arm64]
    os: [android, linux]

  '@turbo/windows-64@2.11.3':
    resolution: {integrity: sha512-hu5biiwVGdMvHB/vvaoPjtudNBn3TqcsKK2A06ap3O0wnSZwAtTXe92tKTckpecDeVs+IC+4r8s2wXpbdSPWoA==}
    cpu: [x64]
    os: [win32]

  '@turbo/windows-arm64@2.11.3':
    resolution: {integrity: sha512-naDEb/31UmOOJOChi+LebLMKWKa1kId0yig1yTRZzDViDg1lBw1Ptu5iQYCvOfOOrx6swUUucf3zPWuPGWz7Jw==}
    cpu: [arm64]
    os: [win32]

  '@types/node@22.20.4':
    resolution: {integrity: sha512-zJRE40jpHtKqE/C4fgHrAKQLJuSpzEnP9ff9Y7YtoR3Wd2pwqzlekDeEuUQXjRd+QCYnVnNwuJYmhdk9XV8gvA==}

  turbo@2.11.3:
    resolution: {integrity: sha512-Pfg2dWNOUPwJYbR+eYAcjoBbo4Kmoc8uQb80hzKrBgNEQtxvwf2ucXG7C28MyLVhV/zJSKvChrR+2CP/BONpoA==}
    hasBin: true

  typescript@5.9.3:
    resolution: {integrity: sha512-jl1vZzPDinLr9eUt3J/t7V6FgNEw9QjvBPdysz9KfQDD41fQrC2Y4vKQdiaUpFT4bXlb1RHhLpp8wtm6M5TgSw==}
    engines: {node: '>=14.17'}
    hasBin: true

  undici-types@6.21.0:
    resolution: {integrity: sha512-iwDZqg0QAGrg9Rav5H4n0M64c3mkR59cJ6wQp+7C4nI0gsmExaedaYLNO44eT4AtBBwjbTiGPMlt2Md0T9H9JQ==}

snapshots:

  '@turbo/darwin-64@2.11.3':
    optional: true

  '@turbo/darwin-arm64@2.11.3':
    optional: true

  '@turbo/linux-64@2.11.3':
    optional: true

  '@turbo/linux-arm64@2.11.3':
    optional: true

  '@turbo/windows-64@2.11.3':
    optional: true

  '@turbo/windows-arm64@2.11.3':
    optional: true

  '@types/node@22.20.4':
    dependencies:
      undici-types: 6.21.0

  turbo@2.11.3:
    optionalDependencies:
      '@turbo/darwin-64': 2.11.3
      '@turbo/darwin-arm64': 2.11.3
      '@turbo/linux-64': 2.11.3
      '@turbo/linux-arm64': 2.11.3
      '@turbo/windows-64': 2.11.3
      '@turbo/windows-arm64': 2.11.3

  typescript@5.9.3: {}

  undici-types@6.21.0: {}
